// !$*UTF8*$!
{
	archiveVersion = 1;
	classes = {
	};
	objectVersion = 56;
	objects = {

/* Begin PBXBuildFile section */
		B635B06C29B4711300A45F43 /* SceneKitSpikeApp.swift in Sources */ = {isa = PBXBuildFile; fileRef = B635B06B29B4711300A45F43 /* SceneKitSpikeApp.swift */; };
		B635B06E29B4711300A45F43 /* ContentView.swift in Sources */ = {isa = PBXBuildFile; fileRef = B635B06D29B4711300A45F43 /* ContentView.swift */; };
		B635B07029B4711400A45F43 /* Assets.xcassets in Resources */ = {isa = PBXBuildFile; fileRef = B635B06F29B4711400A45F43 /* Assets.xcassets */; };
		B635B07429B4711400A45F43 /* Preview Assets.xcassets in Resources */ = {isa = PBXBuildFile; fileRef = B635B07329B4711400A45F43 /* Preview Assets.xcassets */; };
		B635B07E29B4711400A45F43 /* SceneKitSpikeTests.swift in Sources */ = {isa = PBXBuildFile; fileRef = B635B07D29B4711400A45F43 /* SceneKitSpikeTests.swift */; };
		B635B08829B4711400A45F43 /* SceneKitSpikeUITests.swift in Sources */ = {isa = PBXBuildFile; fileRef = B635B08729B4711400A45F43 /* SceneKitSpikeUITests.swift */; };
		B635B08A29B4711400A45F43 /* SceneKitSpikeUITestsLaunchTests.swift in Sources */ = {isa = PBXBuildFile; fileRef = B635B08929B4711400A45F43 /* SceneKitSpikeUITestsLaunchTests.swift */; };
/* End PBXBuildFile section */

/* Begin PBXContainerItemProxy section */
		B635B07A29B4711400A45F43 /* PBXContainerItemProxy */ = {
			isa = PBXContainerItemProxy;
			containerPortal = B635B06029B4711300A45F43 /* Project object */;
			proxyType = 1;
			remoteGlobalIDString = B635B06729B4711300A45F43;
			remoteInfo = SceneKitSpike;
		};
		B635B08429B4711400A45F43 /* PBXContainerItemProxy */ = {
			isa = PBXContainerItemProxy;
			containerPortal = B635B06029B4711300A45F43 /* Project object */;
			proxyType = 1;
			remoteGlobalIDString = B635B06729B4711300A45F43;
			remoteInfo = SceneKitSpike;
		};
/* End PBXContainerItemProxy section */

/* Begin PBXFileReference section */
		B635B06829B4711300A45F43 /* SceneKitSpike.app */ = {isa = PBXFileReference; explicitFileType = wrapper.application; includeInIndex = 0; path = SceneKitSpike.app; sourceTree = BUILT_PRODUCTS_DIR; };
		B635B06B29B4711300A45F43 /* SceneKitSpikeApp.swift */ = {isa = PBXFileReference; lastKnownFileType = sourcecode.swift; path = SceneKitSpikeApp.swift; sourceTree = "<group>"; };
		B635B06D29B4711300A45F43 /* ContentView.swift */ = {isa = PBXFileReference; lastKnownFileType = sourcecode.swift; path = ContentView.swift; sourceTree = "<group>"; };
		B635B06F29B4711400A45F43 /* Assets.xcassets */ = {isa = PBXFileReference; lastKnownFileType = folder.assetcatalog; path = Assets.xcassets; sourceTree = "<group>"; };
		B635B07129B4711400A45F43 /* SceneKitSpike.entitlements */ = {isa = PBXFileReference; lastKnownFileType = text.plist.entitlements; path = SceneKitSpike.entitlements; sourceTree = "<group>"; };
		B635B07329B4711400A45F43 /* Preview Assets.xcassets */ = {isa = PBXFileReference; lastKnownFileType = folder.assetcatalog; path = "Preview Assets.xcassets"; sourceTree = "<group>"; };
		B635B07929B4711400A45F43 /* SceneKitSpikeTests.xctest */ = {isa = PBXFileReference; explicitFileType = wrapper.cfbundle; includeInIndex = 0; path = SceneKitSpikeTests.xctest; sourceTree = BUILT_PRODUCTS_DIR; };
		B635B07D29B4711400A45F43 /* SceneKitSpikeTests.swift */ = {isa = PBXFileReference; lastKnownFileType = sourcecode.swift; path = SceneKitSpikeTests.swift; sourceTree = "<group>"; };
		B635B08329B4711400A45F43 /* SceneKitSpikeUITests.xctest */ = {isa = PBXFileReference; explicitFileType = wrapper.cfbundle; includeInIndex = 0; path = SceneKitSpikeUITests.xctest; sourceTree = BUILT_PRODUCTS_DIR; };
		B635B08729B4711400A45F43 /* SceneKitSpikeUITests.swift */ = {isa = PBXFileReference; lastKnownFileType = sourcecode.swift; path = SceneKitSpikeUITests.swift; sourceTree = "<group>"; };
		B635B08929B4711400A45F43 /* SceneKitSpikeUITestsLaunchTests.swift */ = {isa = PBXFileReference; lastKnownFileType = sourcecode.swift; path = SceneKitSpikeUITestsLaunchTests.swift; sourceTree = "<group>"; };
/* End PBXFileReference section */

/* Begin PBXFrameworksBuildPhase section */
		B635B06529B4711300A45F43 /* Frameworks */ = {
			isa = PBXFrameworksBuildPhase;
			buildActionMask = 2147483647;
			files = (
			);
			runOnlyForDeploymentPostprocessing = 0;
		};
		B635B07629B4711400A45F43 /* Frameworks */ = {
			isa = PBXFrameworksBuildPhase;
			buildActionMask = 2147483647;
			files = (
			);
			runOnlyForDeploymentPostprocessing = 0;
		};
		B635B08029B4711400A45F43 /* Frameworks */ = {
			isa = PBXFrameworksBuildPhase;
			buildActionMask = 2147483647;
			files = (
			);
			runOnlyForDeploymentPostprocessing = 0;
		};
/* End PBXFrameworksBuildPhase section */

/* Begin PBXGroup section */
		B635B05F29B4711300A45F43 = {
			isa = PBXGroup;
			children = (
				B635B06A29B4711300A45F43 /* SceneKitSpike */,
				B635B07C29B4711400A45F43 /* SceneKitSpikeTests */,
				B635B08629B4711400A45F43 /* SceneKitSpikeUITests */,
				B635B06929B4711300A45F43 /* Products */,
			);
			sourceTree = "<group>";
		};
		B635B06929B4711300A45F43 /* Products */ = {
			isa = PBXGroup;
			children = (
				B635B06829B4711300A45F43 /* SceneKitSpike.app */,
				B635B07929B4711400A45F43 /* SceneKitSpikeTests.xctest */,
				B635B08329B4711400A45F43 /* SceneKitSpikeUITests.xctest */,
			);
			name = Products;
			sourceTree = "<group>";
		};
		B635B06A29B4711300A45F43 /* SceneKitSpike */ = {
			isa = PBXGroup;
			children = (
				B635B06B29B4711300A45F43 /* SceneKitSpikeApp.swift */,
				B635B06D29B4711300A45F43 /* ContentView.swift */,
				B635B06F29B4711400A45F43 /* Assets.xcassets */,
				B635B07129B4711400A45F43 /* SceneKitSpike.entitlements */,
				B635B07229B4711400A45F43 /* Preview Content */,
			);
			path = SceneKitSpike;
			sourceTree = "<group>";
		};
		B635B07229B4711400A45F43 /* Preview Content */ = {
			isa = PBXGroup;
			children = (
				B635B07329B4711400A45F43 /* Preview Assets.xcassets */,
			);
			path = "Preview Content";
			sourceTree = "<group>";
		};
		B635B07C29B4711400A45F43 /* SceneKitSpikeTests */ = {
			isa = PBXGroup;
			children = (
				B635B07D29B4711400A45F43 /* SceneKitSpikeTests.swift */,
			);
			path = SceneKitSpikeTests;
			sourceTree = "<group>";
		};
		B635B08629B4711400A45F43 /* SceneKitSpikeUITests */ = {
			isa = PBXGroup;
			children = (
				B635B08729B4711400A45F43 /* SceneKitSpikeUITests.swift */,
				B635B08929B4711400A45F43 /* SceneKitSpikeUITestsLaunchTests.swift */,
			);
			path = SceneKitSpikeUITests;
			sourceTree = "<group>";
		};
/* End PBXGroup section */

/* Begin PBXNativeTarget section */
		B635B06729B4711300A45F43 /* SceneKitSpike */ = {
			isa = PBXNativeTarget;
			buildConfigurationList = B635B08D29B4711400A45F43 /* Build configuration list for PBXNativeTarget "SceneKitSpike" */;
			buildPhases = (
				B635B06429B4711300A45F43 /* Sources */,
				B635B06529B4711300A45F43 /* Frameworks */,
				B635B06629B4711300A45F43 /* Resources */,
			);
			buildRules = (
			);
			dependencies = (
			);
			name = SceneKitSpike;
			productName = SceneKitSpike;
			productReference = B635B06829B4711300A45F43 /* SceneKitSpike.app */;
			productType = "com.apple.product-type.application";
		};
		B635B07829B4711400A45F43 /* SceneKitSpikeTests */ = {
			isa = PBXNativeTarget;
			buildConfigurationList = B635B09029B4711400A45F43 /* Build configuration list for PBXNativeTarget "SceneKitSpikeTests" */;
			buildPhases = (
				B635B07529B4711400A45F43 /* Sources */,
				B635B07629B4711400A45F43 /* Frameworks */,
				B635B07729B4711400A45F43 /* Resources */,
			);
			buildRules = (
			);
			dependencies = (
				B635B07B29B4711400A45F43 /* PBXTargetDependency */,
			);
			name = SceneKitSpikeTests;
			productName = SceneKitSpikeTests;
			productReference = B635B07929B4711400A45F43 /* SceneKitSpikeTests.xctest */;
			productType = "com.apple.product-type.bundle.unit-test";
		};
		B635B08229B4711400A45F43 /* SceneKitSpikeUITests */ = {
			isa = PBXNativeTarget;
			buildConfigurationList = B635B09329B4711400A45F43 /* Build configuration list for PBXNativeTarget "SceneKitSpikeUITests" */;
			buildPhases = (
				B635B07F29B4711400A45F43 /* Sources */,
				B635B08029B4711400A45F43 /* Frameworks */,
				B635B08129B4711400A45F43 /* Resources */,
			);
			buildRules = (
			);
			dependencies = (
				B635B08529B4711400A45F43 /* PBXTargetDependency */,
			);
			name = SceneKitSpikeUITests;
			productName = SceneKitSpikeUITests;
			productReference = B635B08329B4711400A45F43 /* SceneKitSpikeUITests.xctest */;
			productType = "com.apple.product-type.bundle.ui-testing";
		};
/* End PBXNativeTarget section */

/* Begin PBXProject section */
		B635B06029B4711300A45F43 /* Project object */ = {
			isa = PBXProject;
			attributes = {
				BuildIndependentTargetsInParallel = 1;
				LastSwiftUpdateCheck = 1420;
				LastUpgradeCheck = 1420;
				TargetAttributes = {
					B635B06729B4711300A45F43 = {
						CreatedOnToolsVersion = 14.2;
					};
					B635B07829B4711400A45F43 = {
						CreatedOnToolsVersion = 14.2;
						TestTargetID = B635B06729B4711300A45F43;
					};
					B635B08229B4711400A45F43 = {
						CreatedOnToolsVersion = 14.2;
						TestTargetID = B635B06729B4711300A45F43;
					};
				};
			};
			buildConfigurationList = B635B06329B4711300A45F43 /* Build configuration list for PBXProject "SceneKitSpike" */;
			compatibilityVersion = "Xcode 14.0";
			developmentRegion = en;
			hasScannedForEncodings = 0;
			knownRegions = (
				en,
				Base,
			);
			mainGroup = B635B05F29B4711300A45F43;
			productRefGroup = B635B06929B4711300A45F43 /* Products */;
			projectDirPath = "";
			projectRoot = "";
			targets = (
				B635B06729B4711300A45F43 /* SceneKitSpike */,
				B635B07829B4711400A45F43 /* SceneKitSpikeTests */,
				B635B08229B4711400A45F43 /* SceneKitSpikeUITests */,
			);
		};
/* End PBXProject section */

/* Begin PBXResourcesBuildPhase section */
		B635B06629B4711300A45F43 /* Resources */ = {
			isa = PBXResourcesBuildPhase;
			buildActionMask = 2147483647;
			files = (
				B635B07429B4711400A45F43 /* Preview Assets.xcassets in Resources */,
				B635B07029B4711400A45F43 /* Assets.xcassets in Resources */,
			);
			runOnlyForDeploymentPostprocessing = 0;
		};
		B635B07729B4711400A45F43 /* Resources */ = {
			isa = PBXResourcesBuildPhase;
			buildActionMask = 2147483647;
			files = (
			);
			runOnlyForDeploymentPostprocessing = 0;
		};
		B635B08129B4711400A45F43 /* Resources */ = {
			isa = PBXResourcesBuildPhase;
			buildActionMask = 2147483647;
			files = (
			);
			runOnlyForDeploymentPostprocessing = 0;
		};
/* End PBXResourcesBuildPhase section */

/* Begin PBXSourcesBuildPhase section */
		B635B06429B4711300A45F43 /* Sources */ = {
			isa = PBXSourcesBuildPhase;
			buildActionMask = 2147483647;
			files = (
				B635B06E29B4711300A45F43 /* ContentView.swift in Sources */,
				B635B06C29B4711300A45F43 /* SceneKitSpikeApp.swift in Sources */,
			);
			runOnlyForDeploymentPostprocessing = 0;
		};
		B635B07529B4711400A45F43 /* Sources */ = {
			isa = PBXSourcesBuildPhase;
			buildActionMask = 2147483647;
			files = (
				B635B07E29B4711400A45F43 /* SceneKitSpikeTests.swift in Sources */,
			);
			runOnlyForDeploymentPostprocessing = 0;
		};
		B635B07F29B4711400A45F43 /* Sources */ = {
			isa = PBXSourcesBuildPhase;
			buildActionMask = 2147483647;
			files = (
				B635B08829B4711400A45F43 /* SceneKitSpikeUITests.swift in Sources */,
				B635B08A29B4711400A45F43 /* SceneKitSpikeUITestsLaunchTests.swift in Sources */,
			);
			runOnlyForDeploymentPostprocessing = 0;
		};
/* End PBXSourcesBuildPhase section */

/* Begin PBXTargetDependency section */
		B635B07B29B4711400A45F43 /* PBXTargetDependency */ = {
			isa = PBXTargetDependency;
			target = B635B06729B4711300A45F43 /* SceneKitSpike */;
			targetProxy = B635B07A29B4711400A45F43 /* PBXContainerItemProxy */;
		};
		B635B08529B4711400A45F43 /* PBXTargetDependency */ = {
			isa = PBXTargetDependency;
			target = B635B06729B4711300A45F43 /* SceneKitSpike */;
			targetProxy = B635B08429B4711400A45F43 /* PBXContainerItemProxy */;
		};
/* End PBXTargetDependency section */

/* Begin XCBuildConfiguration section */
		B635B08B29B4711400A45F43 /* Debug */ = {
			isa = XCBuildConfiguration;
			buildSettings = {
				ALWAYS_SEARCH_USER_PATHS = NO;
				CLANG_ANALYZER_NONNULL = YES;
				CLANG_ANALYZER_NUMBER_OBJECT_CONVERSION = YES_AGGRESSIVE;
				CLANG_CXX_LANGUAGE_STANDARD = "gnu++20";
				CLANG_ENABLE_MODULES = YES;
				CLANG_ENABLE_OBJC_ARC = YES;
				CLANG_ENABLE_OBJC_WEAK = YES;
				CLANG_WARN_BLOCK_CAPTURE_AUTORELEASING = YES;
				CLANG_WARN_BOOL_CONVERSION = YES;
				CLANG_WARN_COMMA = YES;
				CLANG_WARN_CONSTANT_CONVERSION = YES;
				CLANG_WARN_DEPRECATED_OBJC_IMPLEMENTATIONS = YES;
				CLANG_WARN_DIRECT_OBJC_ISA_USAGE = YES_ERROR;
				CLANG_WARN_DOCUMENTATION_COMMENTS = YES;
				CLANG_WARN_EMPTY_BODY = YES;
				CLANG_WARN_ENUM_CONVERSION = YES;
				CLANG_WARN_INFINITE_RECURSION = YES;
				CLANG_WARN_INT_CONVERSION = YES;
				CLANG_WARN_NON_LITERAL_NULL_CONVERSION = YES;
				CLANG_WARN_OBJC_IMPLICIT_RETAIN_SELF = YES;
				CLANG_WARN_OBJC_LITERAL_CONVERSION = YES;
				CLANG_WARN_OBJC_ROOT_CLASS = YES_ERROR;
				CLANG_WARN_QUOTED_INCLUDE_IN_FRAMEWORK_HEADER = YES;
				CLANG_WARN_RANGE_LOOP_ANALYSIS = YES;
				CLANG_WARN_STRICT_PROTOTYPES = YES;
				CLANG_WARN_SUSPICIOUS_MOVE = YES;
				CLANG_WARN_UNGUARDED_AVAILABILITY = YES_AGGRESSIVE;
				CLANG_WARN_UNREACHABLE_CODE = YES;
				CLANG_WARN__DUPLICATE_METHOD_MATCH = YES;
				COPY_PHASE_STRIP = NO;
				DEBUG_INFORMATION_FORMAT = dwarf;
				ENABLE_STRICT_OBJC_MSGSEND = YES;
				ENABLE_TESTABILITY = YES;
				GCC_C_LANGUAGE_STANDARD = gnu11;
				GCC_DYNAMIC_NO_PIC = NO;
				GCC_NO_COMMON_BLOCKS = YES;
				GCC_OPTIMIZATION_LEVEL = 0;
				GCC_PREPROCESSOR_DEFINITIONS = (
					"DEBUG=1",
					"$(inherited)",
				);
				GCC_WARN_64_TO_32_BIT_CONVERSION = YES;
				GCC_WARN_ABOUT_RETURN_TYPE = YES_ERROR;
				GCC_WARN_UNDECLARED_SELECTOR = YES;
				GCC_WARN_UNINITIALIZED_AUTOS = YES_AGGRESSIVE;
				GCC_WARN_UNUSED_FUNCTION = YES;
				GCC_WARN_UNUSED_VARIABLE = YES;
				MTL_ENABLE_DEBUG_INFO = INCLUDE_SOURCE;
				MTL_FAST_MATH = YES;
				ONLY_ACTIVE_ARCH = YES;
				SWIFT_ACTIVE_COMPILATION_CONDITIONS = DEBUG;
				SWIFT_OPTIMIZATION_LEVEL = "-Onone";
			};
			name = Debug;
		};
		B635B08C29B4711400A45F43 /* Release */ = {
			isa = XCBuildConfiguration;
			buildSettings = {
				ALWAYS_SEARCH_USER_PATHS = NO;
				CLANG_ANALYZER_NONNULL = YES;
				CLANG_ANALYZER_NUMBER_OBJECT_CONVERSION = YES_AGGRESSIVE;
				CLANG_CXX_LANGUAGE_STANDARD = "gnu++20";
				CLANG_ENABLE_MODULES = YES;
				CLANG_ENABLE_OBJC_ARC = YES;
				CLANG_ENABLE_OBJC_WEAK = YES;
				CLANG_WARN_BLOCK_CAPTURE_AUTORELEASING = YES;
				CLANG_WARN_BOOL_CONVERSION = YES;
				CLANG_WARN_COMMA = YES;
				CLANG_WARN_CONSTANT_CONVERSION = YES;
				CLANG_WARN_DEPRECATED_OBJC_IMPLEMENTATIONS = YES;
				CLANG_WARN_DIRECT_OBJC_ISA_USAGE = YES_ERROR;
				CLANG_WARN_DOCUMENTATION_COMMENTS = YES;
				CLANG_WARN_EMPTY_BODY = YES;
				CLANG_WARN_ENUM_CONVERSION = YES;
				CLANG_WARN_INFINITE_RECURSION = YES;
				CLANG_WARN_INT_CONVERSION = YES;
				CLANG_WARN_NON_LITERAL_NULL_CONVERSION = YES;
				CLANG_WARN_OBJC_IMPLICIT_RETAIN_SELF = YES;
				CLANG_WARN_OBJC_LITERAL_CONVERSION = YES;
				CLANG_WARN_OBJC_ROOT_CLASS = YES_ERROR;
				CLANG_WARN_QUOTED_INCLUDE_IN_FRAMEWORK_HEADER = YES;
				CLANG_WARN_RANGE_LOOP_ANALYSIS = YES;
				CLANG_WARN_STRICT_PROTOTYPES = YES;
				CLANG_WARN_SUSPICIOUS_MOVE = YES;
				CLANG_WARN_UNGUARDED_AVAILABILITY = YES_AGGRESSIVE;
				CLANG_WARN_UNREACHABLE_CODE = YES;
				CLANG_WARN__DUPLICATE_METHOD_MATCH = YES;
				COPY_PHASE_STRIP = NO;
				DEBUG_INFORMATION_FORMAT = "dwarf-with-dsym";
				ENABLE_NS_ASSERTIONS = NO;
				ENABLE_STRICT_OBJC_MSGSEND = YES;
				GCC_C_LANGUAGE_STANDARD = gnu11;
				GCC_NO_COMMON_BLOCKS = YES;
				GCC_WARN_64_TO_32_BIT_CONVERSION = YES;
				GCC_WARN_ABOUT_RETURN_TYPE = YES_ERROR;
				GCC_WARN_UNDECLARED_SELECTOR = YES;
				GCC_WARN_UNINITIALIZED_AUTOS = YES_AGGRESSIVE;
				GCC_WARN_UNUSED_FUNCTION = YES;
				GCC_WARN_UNUSED_VARIABLE = YES;
				MTL_ENABLE_DEBUG_INFO = NO;
				MTL_FAST_MATH = YES;
				SWIFT_COMPILATION_MODE = wholemodule;
				SWIFT_OPTIMIZATION_LEVEL = "-O";
			};
			name = Release;
		};
		B635B08E29B4711400A45F43 /* Debug */ = {
			isa = XCBuildConfiguration;
			buildSettings = {
				ASSETCATALOG_COMPILER_APPICON_NAME = AppIcon;
				ASSETCATALOG_COMPILER_GLOBAL_ACCENT_COLOR_NAME = AccentColor;
				CODE_SIGN_ENTITLEMENTS = SceneKitSpike/SceneKitSpike.entitlements;
				CODE_SIGN_STYLE = Automatic;
				CURRENT_PROJECT_VERSION = 1;
				DEVELOPMENT_ASSET_PATHS = "\"SceneKitSpike/Preview Content\"";
				ENABLE_PREVIEWS = YES;
				GENERATE_INFOPLIST_FILE = YES;
				"INFOPLIST_KEY_UIApplicationSceneManifest_Generation[sdk=iphoneos*]" = YES;
				"INFOPLIST_KEY_UIApplicationSceneManifest_Generation[sdk=iphonesimulator*]" = YES;
				"INFOPLIST_KEY_UIApplicationSupportsIndirectInputEvents[sdk=iphoneos*]" = YES;
				"INFOPLIST_KEY_UIApplicationSupportsIndirectInputEvents[sdk=iphonesimulator*]" = YES;
				"INFOPLIST_KEY_UILaunchScreen_Generation[sdk=iphoneos*]" = YES;
				"INFOPLIST_KEY_UILaunchScreen_Generation[sdk=iphonesimulator*]" = YES;
				"INFOPLIST_KEY_UIStatusBarStyle[sdk=iphoneos*]" = UIStatusBarStyleDefault;
				"INFOPLIST_KEY_UIStatusBarStyle[sdk=iphonesimulator*]" = UIStatusBarStyleDefault;
				INFOPLIST_KEY_UISupportedInterfaceOrientations_iPad = "UIInterfaceOrientationPortrait UIInterfaceOrientationPortraitUpsideDown UIInterfaceOrientationLandscapeLeft UIInterfaceOrientationLandscapeRight";
				INFOPLIST_KEY_UISupportedInterfaceOrientations_iPhone = "UIInterfaceOrientationPortrait UIInterfaceOrientationLandscapeLeft UIInterfaceOrientationLandscapeRight";
				IPHONEOS_DEPLOYMENT_TARGET = 16.2;
				LD_RUNPATH_SEARCH_PATHS = "@executable_path/Frameworks";
				"LD_RUNPATH_SEARCH_PATHS[sdk=macosx*]" = "@executable_path/../Frameworks";
				MACOSX_DEPLOYMENT_TARGET = 13.1;
				MARKETING_VERSION = 1.0;
				PRODUCT_BUNDLE_IDENTIFIER = andrepham.SceneKitSpike;
				PRODUCT_NAME = "$(TARGET_NAME)";
				SDKROOT = auto;
				SUPPORTED_PLATFORMS = "iphoneos iphonesimulator macosx";
				SWIFT_EMIT_LOC_STRINGS = YES;
				SWIFT_VERSION = 5.0;
				TARGETED_DEVICE_FAMILY = "1,2";
			};
			name = Debug;
		};
		B635B08F29B4711400A45F43 /* Release */ = {
			isa = XCBuildConfiguration;
			buildSettings = {
				ASSETCATALOG_COMPILER_APPICON_NAME = AppIcon;
				ASSETCATALOG_COMPILER_GLOBAL_ACCENT_COLOR_NAME = AccentColor;
				CODE_SIGN_ENTITLEMENTS = SceneKitSpike/SceneKitSpike.entitlements;
				CODE_SIGN_STYLE = Automatic;
				CURRENT_PROJECT_VERSION = 1;
				DEVELOPMENT_ASSET_PATHS = "\"SceneKitSpike/Preview Content\"";
				ENABLE_PREVIEWS = YES;
				GENERATE_INFOPLIST_FILE = YES;
				"INFOPLIST_KEY_UIApplicationSceneManifest_Generation[sdk=iphoneos*]" = YES;
				"INFOPLIST_KEY_UIApplicationSceneManifest_Generation[sdk=iphonesimulator*]" = YES;
				"INFOPLIST_KEY_UIApplicationSupportsIndirectInputEvents[sdk=iphoneos*]" = YES;
				"INFOPLIST_KEY_UIApplicationSupportsIndirectInputEvents[sdk=iphonesimulator*]" = YES;
				"INFOPLIST_KEY_UILaunchScreen_Generation[sdk=iphoneos*]" = YES;
				"INFOPLIST_KEY_UILaunchScreen_Generation[sdk=iphonesimulator*]" = YES;
				"INFOPLIST_KEY_UIStatusBarStyle[sdk=iphoneos*]" = UIStatusBarStyleDefault;
				"INFOPLIST_KEY_UIStatusBarStyle[sdk=iphonesimulator*]" = UIStatusBarStyleDefault;
				INFOPLIST_KEY_UISupportedInterfaceOrientations_iPad = "UIInterfaceOrientationPortrait UIInterfaceOrientationPortraitUpsideDown UIInterfaceOrientationLandscapeLeft UIInterfaceOrientationLandscapeRight";
				INFOPLIST_KEY_UISupportedInterfaceOrientations_iPhone = "UIInterfaceOrientationPortrait UIInterfaceOrientationLandscapeLeft UIInterfaceOrientationLandscapeRight";
				IPHONEOS_DEPLOYMENT_TARGET = 16.2;
				LD_RUNPATH_SEARCH_PATHS = "@executable_path/Frameworks";
				"LD_RUNPATH_SEARCH_PATHS[sdk=macosx*]" = "@executable_path/../Frameworks";
				MACOSX_DEPLOYMENT_TARGET = 13.1;
				MARKETING_VERSION = 1.0;
				PRODUCT_BUNDLE_IDENTIFIER = andrepham.SceneKitSpike;
				PRODUCT_NAME = "$(TARGET_NAME)";
				SDKROOT = auto;
				SUPPORTED_PLATFORMS = "iphoneos iphonesimulator macosx";
				SWIFT_EMIT_LOC_STRINGS = YES;
				SWIFT_VERSION = 5.0;
				TARGETED_DEVICE_FAMILY = "1,2";
			};
			name = Release;
		};
		B635B09129B4711400A45F43 /* Debug */ = {
			isa = XCBuildConfiguration;
			buildSettings = {
				ALWAYS_EMBED_SWIFT_STANDARD_LIBRARIES = YES;
				BUNDLE_LOADER = "$(TEST_HOST)";
				CODE_SIGN_STYLE = Automatic;
				CURRENT_PROJECT_VERSION = 1;
				GENERATE_INFOPLIST_FILE = YES;
				IPHONEOS_DEPLOYMENT_TARGET = 16.2;
				MACOSX_DEPLOYMENT_TARGET = 13.1;
				MARKETING_VERSION = 1.0;
				PRODUCT_BUNDLE_IDENTIFIER = andrepham.SceneKitSpikeTests;
				PRODUCT_NAME = "$(TARGET_NAME)";
				SDKROOT = auto;
				SUPPORTED_PLATFORMS = "iphoneos iphonesimulator macosx";
				SWIFT_EMIT_LOC_STRINGS = NO;
				SWIFT_VERSION = 5.0;
				TARGETED_DEVICE_FAMILY = "1,2";
				TEST_HOST = "$(BUILT_PRODUCTS_DIR)/SceneKitSpike.app/$(BUNDLE_EXECUTABLE_FOLDER_PATH)/SceneKitSpike";
			};
			name = Debug;
		};
		B635B09229B4711400A45F43 /* Release */ = {
			isa = XCBuildConfiguration;
			buildSettings = {
				ALWAYS_EMBED_SWIFT_STANDARD_LIBRARIES = YES;
				BUNDLE_LOADER = "$(TEST_HOST)";
				CODE_SIGN_STYLE = Automatic;
				CURRENT_PROJECT_VERSION = 1;
				GENERATE_INFOPLIST_FILE = YES;
				IPHONEOS_DEPLOYMENT_TARGET = 16.2;
				MACOSX_DEPLOYMENT_TARGET = 13.1;
				MARKETING_VERSION = 1.0;
				PRODUCT_BUNDLE_IDENTIFIER = andrepham.SceneKitSpikeTests;
				PRODUCT_NAME = "$(TARGET_NAME)";
				SDKROOT = auto;
				SUPPORTED_PLATFORMS = "iphoneos iphonesimulator macosx";
				SWIFT_EMIT_LOC_STRINGS = NO;
				SWIFT_VERSION = 5.0;
				TARGETED_DEVICE_FAMILY = "1,2";
				TEST_HOST = "$(BUILT_PRODUCTS_DIR)/SceneKitSpike.app/$(BUNDLE_EXECUTABLE_FOLDER_PATH)/SceneKitSpike";
			};
			name = Release;
		};
		B635B09429B4711400A45F43 /* Debug */ = {
			isa = XCBuildConfiguration;
			buildSettings = {
				ALWAYS_EMBED_SWIFT_STANDARD_LIBRARIES = YES;
				CODE_SIGN_STYLE = Automatic;
				CURRENT_PROJECT_VERSION = 1;
				GENERATE_INFOPLIST_FILE = YES;
				IPHONEOS_DEPLOYMENT_TARGET = 16.2;
				MACOSX_DEPLOYMENT_TARGET = 13.1;
				MARKETING_VERSION = 1.0;
				PRODUCT_BUNDLE_IDENTIFIER = andrepham.SceneKitSpikeUITests;
				PRODUCT_NAME = "$(TARGET_NAME)";
				SDKROOT = auto;
				SUPPORTED_PLATFORMS = "iphoneos iphonesimulator macosx";
				SWIFT_EMIT_LOC_STRINGS = NO;
				SWIFT_VERSION = 5.0;
				TARGETED_DEVICE_FAMILY = "1,2";
				TEST_TARGET_NAME = SceneKitSpike;
			};
			name = Debug;
		};
		B635B09529B4711400A45F43 /* Release */ = {
			isa = XCBuildConfiguration;
			buildSettings = {
				ALWAYS_EMBED_SWIFT_STANDARD_LIBRARIES = YES;
				CODE_SIGN_STYLE = Automatic;
				CURRENT_PROJECT_VERSION = 1;
				GENERATE_INFOPLIST_FILE = YES;
				IPHONEOS_DEPLOYMENT_TARGET = 16.2;
				MACOSX_DEPLOYMENT_TARGET = 13.1;
				MARKETING_VERSION = 1.0;
				PRODUCT_BUNDLE_IDENTIFIER = andrepham.SceneKitSpikeUITests;
				PRODUCT_NAME = "$(TARGET_NAME)";
				SDKROOT = auto;
				SUPPORTED_PLATFORMS = "iphoneos iphonesimulator macosx";
				SWIFT_EMIT_LOC_STRINGS = NO;
				SWIFT_VERSION = 5.0;
				TARGETED_DEVICE_FAMILY = "1,2";
				TEST_TARGET_NAME = SceneKitSpike;
			};
			name = Release;
		};
/* End XCBuildConfiguration section */

/* Begin XCConfigurationList section */
		B635B06329B4711300A45F43 /* Build configuration list for PBXProject "SceneKitSpike" */ = {
			isa = XCConfigurationList;
			buildConfigurations = (
				B635B08B29B4711400A45F43 /* Debug */,
				B635B08C29B4711400A45F43 /* Release */,
			);
			defaultConfigurationIsVisible = 0;
			defaultConfigurationName = Release;
		};
		B635B08D29B4711400A45F43 /* Build configuration list for PBXNativeTarget "SceneKitSpike" */ = {
			isa = XCConfigurationList;
			buildConfigurations = (
				B635B08E29B4711400A45F43 /* Debug */,
				B635B08F29B4711400A45F43 /* Release */,
			);
			defaultConfigurationIsVisible = 0;
			defaultConfigurationName = Release;
		};
		B635B09029B4711400A45F43 /* Build configuration list for PBXNativeTarget "SceneKitSpikeTests" */ = {
			isa = XCConfigurationList;
			buildConfigurations = (
				B635B09129B4711400A45F43 /* Debug */,
				B635B09229B4711400A45F43 /* Release */,
			);
			defaultConfigurationIsVisible = 0;
			defaultConfigurationName = Release;
		};
		B635B09329B4711400A45F43 /* Build configuration list for PBXNativeTarget "SceneKitSpikeUITests" */ = {
			isa = XCConfigurationList;
			buildConfigurations = (
				B635B09429B4711400A45F43 /* Debug */,
				B635B09529B4711400A45F43 /* Release */,
			);
			defaultConfigurationIsVisible = 0;
			defaultConfigurationName = Release;
		};
/* End XCConfigurationList section */
	};
	rootObject = B635B06029B4711300A45F43 /* Project object */;
}
